
Microsoft Visual Studio Solution File, Format Version 12.00
# Visual Studio Version 16
VisualStudioVersion = 16.0.31025.194
MinimumVisualStudioVersion = 10.0.40219.1
Project("{FAE04EC0-301F-11D3-BF4B-00C04F79EFBC}") = "MCXP", "MCXP\MCXP.csproj", "{EEF91B6E-4753-4872-99E8-B116B1DF9BCD}"
EndProject
Project("{FAE04EC0-301F-11D3-BF4B-00C04F79EFBC}") = "MCXP.Test", "MCXP.Test\MCXP.Test.csproj", "{30BD2E6E-4CCC-4547-A713-23C8A45C8476}"
EndProject
Global
	GlobalSection(SolutionConfigurationPlatforms) = preSolution
		Debug|Any CPU = Debug|Any CPU
		Release|Any CPU = Release|Any CPU
	EndGlobalSection
	GlobalSection(ProjectConfigurationPlatforms) = postSolution
		{EEF91B6E-4753-4872-99E8-B116B1DF9BCD}.Debug|Any CPU.ActiveCfg = Debug|Any CPU
		{EEF91B6E-4753-4872-99E8-B116B1DF9BCD}.Debug|Any CPU.Build.0 = Debug|Any CPU
		{EEF91B6E-4753-4872-99E8-B116B1DF9BCD}.Release|Any CPU.ActiveCfg = Release|Any CPU
		{EEF91B6E-4753-4872-99E8-B116B1DF9BCD}.Release|Any CPU.Build.0 = Release|Any CPU
		{30BD2E6E-4CCC-4547-A713-23C8A45C8476}.Debug|Any CPU.ActiveCfg = Debug|Any CPU
		{30BD2E6E-4CCC-4547-A713-23C8A45C8476}.Debug|Any CPU.Build.0 = Debug|Any CPU
		{30BD2E6E-4CCC-4547-A713-23C8A45C8476}.Release|Any CPU.ActiveCfg = Release|Any CPU
		{30BD2E6E-4CCC-4547-A713-23C8A45C8476}.Release|Any CPU.Build.0 = Release|Any CPU
	EndGlobalSection
	GlobalSection(SolutionProperties) = preSolution
		HideSolutionNode = FALSE
	EndGlobalSection
	GlobalSection(ExtensibilityGlobals) = postSolution
		SolutionGuid = {1525B1B5-FBBD-4F3E-B191-5B7C678B3E2B}
	EndGlobalSection
EndGlobal
